{
  "name": "dotteds hvh workshop",
  "version": "1.0.0",
  "description": "Dotted's HvH Workshop - CS2 Configurations and Lua Scripts Marketplace",
  "main": "server-simple.js",
  "scripts": {
    "start": "node server.js",
    "dev": "node server.js"
  },
  "keywords": [
    "hvh",
    "cs2",
    "neverlose",
    "fatality",
    "workshop"
  ],
  "author": "Dotted",
  "license": "MIT",
  "engines": {
    "node": ">=14.0.0"
  }
}